
Microsoft Visual Studio Solution File, Format Version 11.00
# Visual Studio 2010
Project("{2150E333-8FDC-42A3-9474-1A3956D46DE8}") = "Solution Items", "Solution Items", "{7D7D1950-1B9C-48B1-B673-8171077BF7B7}"
	ProjectSection(SolutionItems) = preProject
		LICENSE.txt = LICENSE.txt
		VersionInfo.cs = VersionInfo.cs
	EndProjectSection
EndProject
Project("{FAE04EC0-301F-11D3-BF4B-00C04F79EFBC}") = "Hime.Redist", "runtime-net\Hime.Redist.csproj", "{8E4DE283-BA6E-4779-8C79-EB708002EDCC}"
EndProject
Project("{FAE04EC0-301F-11D3-BF4B-00C04F79EFBC}") = "Hime.SDK", "sdk\Hime.SDK.csproj", "{BA0D93DF-9EA3-4643-A18C-E463376AADA7}"
EndProject
Project("{FAE04EC0-301F-11D3-BF4B-00C04F79EFBC}") = "HimeCC", "himecc\HimeCC.csproj", "{7A05384E-959E-4D54-B23A-D357AC0153B5}"
EndProject
Project("{FAE04EC0-301F-11D3-BF4B-00C04F79EFBC}") = "Utils.Demo", "utils-demo\Utils.Demo.csproj", "{B4C8FA2B-8ECF-4BB2-85A0-50F58C122BAF}"
EndProject
Project("{FAE04EC0-301F-11D3-BF4B-00C04F79EFBC}") = "Tests.Runtime", "tests-executor-net\Tests.Executor.csproj", "{F0364548-84EC-486D-8032-A52DF9783AD9}"
EndProject
Project("{FAE04EC0-301F-11D3-BF4B-00C04F79EFBC}") = "Tests.Driver", "tests-driver\Tests.Driver.csproj", "{52EF298B-7D3C-4698-976C-52474F8A7223}"
EndProject
Global
	GlobalSection(SolutionConfigurationPlatforms) = preSolution
		Debug|Any CPU = Debug|Any CPU
		Release|Any CPU = Release|Any CPU
	EndGlobalSection
	GlobalSection(ProjectConfigurationPlatforms) = postSolution
		{52EF298B-7D3C-4698-976C-52474F8A7223}.Debug|Any CPU.ActiveCfg = Debug|Any CPU
		{52EF298B-7D3C-4698-976C-52474F8A7223}.Debug|Any CPU.Build.0 = Debug|Any CPU
		{52EF298B-7D3C-4698-976C-52474F8A7223}.Release|Any CPU.ActiveCfg = Release|Any CPU
		{52EF298B-7D3C-4698-976C-52474F8A7223}.Release|Any CPU.Build.0 = Release|Any CPU
		{534CC5C0-1A40-4C09-9985-8191D42F4285}.Debug|Any CPU.ActiveCfg = Debug|Any CPU
		{534CC5C0-1A40-4C09-9985-8191D42F4285}.Debug|Any CPU.Build.0 = Debug|Any CPU
		{534CC5C0-1A40-4C09-9985-8191D42F4285}.Release|Any CPU.ActiveCfg = Release|Any CPU
		{534CC5C0-1A40-4C09-9985-8191D42F4285}.Release|Any CPU.Build.0 = Release|Any CPU
		{7A05384E-959E-4D54-B23A-D357AC0153B5}.Debug|Any CPU.ActiveCfg = Debug|Any CPU
		{7A05384E-959E-4D54-B23A-D357AC0153B5}.Debug|Any CPU.Build.0 = Debug|Any CPU
		{7A05384E-959E-4D54-B23A-D357AC0153B5}.Release|Any CPU.ActiveCfg = Release|Any CPU
		{7A05384E-959E-4D54-B23A-D357AC0153B5}.Release|Any CPU.Build.0 = Release|Any CPU
		{8E4DE283-BA6E-4779-8C79-EB708002EDCC}.Debug|Any CPU.ActiveCfg = Debug|Any CPU
		{8E4DE283-BA6E-4779-8C79-EB708002EDCC}.Debug|Any CPU.Build.0 = Debug|Any CPU
		{8E4DE283-BA6E-4779-8C79-EB708002EDCC}.Release|Any CPU.ActiveCfg = Release|Any CPU
		{8E4DE283-BA6E-4779-8C79-EB708002EDCC}.Release|Any CPU.Build.0 = Release|Any CPU
		{B4C8FA2B-8ECF-4BB2-85A0-50F58C122BAF}.Debug|Any CPU.ActiveCfg = Debug|Any CPU
		{B4C8FA2B-8ECF-4BB2-85A0-50F58C122BAF}.Debug|Any CPU.Build.0 = Debug|Any CPU
		{B4C8FA2B-8ECF-4BB2-85A0-50F58C122BAF}.Release|Any CPU.ActiveCfg = Release|Any CPU
		{B4C8FA2B-8ECF-4BB2-85A0-50F58C122BAF}.Release|Any CPU.Build.0 = Release|Any CPU
		{BA0D93DF-9EA3-4643-A18C-E463376AADA7}.Debug|Any CPU.ActiveCfg = Debug|Any CPU
		{BA0D93DF-9EA3-4643-A18C-E463376AADA7}.Debug|Any CPU.Build.0 = Debug|Any CPU
		{BA0D93DF-9EA3-4643-A18C-E463376AADA7}.Release|Any CPU.ActiveCfg = Release|Any CPU
		{BA0D93DF-9EA3-4643-A18C-E463376AADA7}.Release|Any CPU.Build.0 = Release|Any CPU
		{F0364548-84EC-486D-8032-A52DF9783AD9}.Debug|Any CPU.ActiveCfg = Debug|Any CPU
		{F0364548-84EC-486D-8032-A52DF9783AD9}.Debug|Any CPU.Build.0 = Debug|Any CPU
		{F0364548-84EC-486D-8032-A52DF9783AD9}.Release|Any CPU.ActiveCfg = Release|Any CPU
		{F0364548-84EC-486D-8032-A52DF9783AD9}.Release|Any CPU.Build.0 = Release|Any CPU
	EndGlobalSection
	GlobalSection(NestedProjects) = preSolution
	EndGlobalSection
	GlobalSection(MonoDevelopProperties) = preSolution
		StartupItem = utilities\net\demo\Demo.csproj
	EndGlobalSection
	GlobalSection(SolutionProperties) = preSolution
		HideSolutionNode = FALSE
	EndGlobalSection
EndGlobal
