
Microsoft Visual Studio Solution File, Format Version 11.00
# Visual Studio 2010
Project("{2150E333-8FDC-42A3-9474-1A3956D46DE8}") = "Solution Items", "Solution Items", "{7D7D1950-1B9C-48B1-B673-8171077BF7B7}"
	ProjectSection(SolutionItems) = preProject
		HimeSystems.vsmdi = HimeSystems.vsmdi
		Local.testsettings = Local.testsettings
		TraceAndTestImpact.testsettings = TraceAndTestImpact.testsettings
		VersionInfo.cs = VersionInfo.cs
	EndProjectSection
EndProject
Project("{FAE04EC0-301F-11D3-BF4B-00C04F79EFBC}") = "Exe.HimeDemo", "Exe.HimeDemo\Exe.HimeDemo.csproj", "{B4C8FA2B-8ECF-4BB2-85A0-50F58C122BAF}"
EndProject
Project("{FAE04EC0-301F-11D3-BF4B-00C04F79EFBC}") = "Hime.CentralDogma", "Hime.CentralDogma\Hime.CentralDogma.csproj", "{BA0D93DF-9EA3-4643-A18C-E463376AADA7}"
EndProject
Project("{FAE04EC0-301F-11D3-BF4B-00C04F79EFBC}") = "Hime.Redist", "Hime.Redist\Hime.Redist.csproj", "{8E4DE283-BA6E-4779-8C79-EB708002EDCC}"
EndProject
Project("{FAE04EC0-301F-11D3-BF4B-00C04F79EFBC}") = "himecc", "himecc\himecc.csproj", "{7A05384E-959E-4D54-B23A-D357AC0153B5}"
EndProject
Project("{FAE04EC0-301F-11D3-BF4B-00C04F79EFBC}") = "Tests", "Tests\Tests.csproj", "{30BE2190-7AA2-431C-A993-8E61501ED0FF}"
EndProject
Global
	GlobalSection(SolutionConfigurationPlatforms) = preSolution
		Debug|.NET = Debug|.NET
		Debug|Any CPU = Debug|Any CPU
		Debug|Mixed Platforms = Debug|Mixed Platforms
		Debug|x86 = Debug|x86
		Release|.NET = Release|.NET
		Release|Any CPU = Release|Any CPU
		Release|Mixed Platforms = Release|Mixed Platforms
		Release|x86 = Release|x86
	EndGlobalSection
	GlobalSection(ProjectConfigurationPlatforms) = postSolution
		{30BE2190-7AA2-431C-A993-8E61501ED0FF}.Debug|.NET.ActiveCfg = Debug|Any CPU
		{30BE2190-7AA2-431C-A993-8E61501ED0FF}.Debug|.NET.Build.0 = Debug|Any CPU
		{30BE2190-7AA2-431C-A993-8E61501ED0FF}.Debug|Any CPU.ActiveCfg = Debug|Any CPU
		{30BE2190-7AA2-431C-A993-8E61501ED0FF}.Debug|Any CPU.Build.0 = Debug|Any CPU
		{30BE2190-7AA2-431C-A993-8E61501ED0FF}.Debug|Mixed Platforms.ActiveCfg = Debug|Any CPU
		{30BE2190-7AA2-431C-A993-8E61501ED0FF}.Debug|Mixed Platforms.Build.0 = Debug|Any CPU
		{30BE2190-7AA2-431C-A993-8E61501ED0FF}.Debug|x86.ActiveCfg = Debug|Any CPU
		{30BE2190-7AA2-431C-A993-8E61501ED0FF}.Debug|x86.Build.0 = Debug|Any CPU
		{30BE2190-7AA2-431C-A993-8E61501ED0FF}.Release|.NET.ActiveCfg = Release|Any CPU
		{30BE2190-7AA2-431C-A993-8E61501ED0FF}.Release|.NET.Build.0 = Release|Any CPU
		{30BE2190-7AA2-431C-A993-8E61501ED0FF}.Release|Any CPU.ActiveCfg = Release|Any CPU
		{30BE2190-7AA2-431C-A993-8E61501ED0FF}.Release|Any CPU.Build.0 = Release|Any CPU
		{30BE2190-7AA2-431C-A993-8E61501ED0FF}.Release|Mixed Platforms.ActiveCfg = Release|Any CPU
		{30BE2190-7AA2-431C-A993-8E61501ED0FF}.Release|Mixed Platforms.Build.0 = Release|Any CPU
		{30BE2190-7AA2-431C-A993-8E61501ED0FF}.Release|x86.ActiveCfg = Release|Any CPU
		{30BE2190-7AA2-431C-A993-8E61501ED0FF}.Release|x86.Build.0 = Release|Any CPU
		{7A05384E-959E-4D54-B23A-D357AC0153B5}.Debug|.NET.ActiveCfg = Debug|x86
		{7A05384E-959E-4D54-B23A-D357AC0153B5}.Debug|Any CPU.ActiveCfg = Debug|x86
		{7A05384E-959E-4D54-B23A-D357AC0153B5}.Debug|Mixed Platforms.ActiveCfg = Debug|x86
		{7A05384E-959E-4D54-B23A-D357AC0153B5}.Debug|Mixed Platforms.Build.0 = Debug|x86
		{7A05384E-959E-4D54-B23A-D357AC0153B5}.Debug|x86.ActiveCfg = Debug|x86
		{7A05384E-959E-4D54-B23A-D357AC0153B5}.Debug|x86.Build.0 = Debug|x86
		{7A05384E-959E-4D54-B23A-D357AC0153B5}.Release|.NET.ActiveCfg = Release|x86
		{7A05384E-959E-4D54-B23A-D357AC0153B5}.Release|Any CPU.ActiveCfg = Release|x86
		{7A05384E-959E-4D54-B23A-D357AC0153B5}.Release|Mixed Platforms.ActiveCfg = Release|x86
		{7A05384E-959E-4D54-B23A-D357AC0153B5}.Release|Mixed Platforms.Build.0 = Release|x86
		{7A05384E-959E-4D54-B23A-D357AC0153B5}.Release|x86.ActiveCfg = Release|x86
		{7A05384E-959E-4D54-B23A-D357AC0153B5}.Release|x86.Build.0 = Release|x86
		{8E4DE283-BA6E-4779-8C79-EB708002EDCC}.Debug|.NET.ActiveCfg = Debug|Any CPU
		{8E4DE283-BA6E-4779-8C79-EB708002EDCC}.Debug|Any CPU.ActiveCfg = Debug|Any CPU
		{8E4DE283-BA6E-4779-8C79-EB708002EDCC}.Debug|Any CPU.Build.0 = Debug|Any CPU
		{8E4DE283-BA6E-4779-8C79-EB708002EDCC}.Debug|Mixed Platforms.ActiveCfg = Debug|Any CPU
		{8E4DE283-BA6E-4779-8C79-EB708002EDCC}.Debug|Mixed Platforms.Build.0 = Debug|Any CPU
		{8E4DE283-BA6E-4779-8C79-EB708002EDCC}.Debug|x86.ActiveCfg = Debug|Any CPU
		{8E4DE283-BA6E-4779-8C79-EB708002EDCC}.Release|.NET.ActiveCfg = Release|Any CPU
		{8E4DE283-BA6E-4779-8C79-EB708002EDCC}.Release|Any CPU.ActiveCfg = Release|Any CPU
		{8E4DE283-BA6E-4779-8C79-EB708002EDCC}.Release|Any CPU.Build.0 = Release|Any CPU
		{8E4DE283-BA6E-4779-8C79-EB708002EDCC}.Release|Mixed Platforms.ActiveCfg = Release|Any CPU
		{8E4DE283-BA6E-4779-8C79-EB708002EDCC}.Release|Mixed Platforms.Build.0 = Release|Any CPU
		{8E4DE283-BA6E-4779-8C79-EB708002EDCC}.Release|x86.ActiveCfg = Release|Any CPU
		{B4C8FA2B-8ECF-4BB2-85A0-50F58C122BAF}.Debug|.NET.ActiveCfg = Debug|Any CPU
		{B4C8FA2B-8ECF-4BB2-85A0-50F58C122BAF}.Debug|Any CPU.ActiveCfg = Debug|Any CPU
		{B4C8FA2B-8ECF-4BB2-85A0-50F58C122BAF}.Debug|Any CPU.Build.0 = Debug|Any CPU
		{B4C8FA2B-8ECF-4BB2-85A0-50F58C122BAF}.Debug|Mixed Platforms.ActiveCfg = Debug|Any CPU
		{B4C8FA2B-8ECF-4BB2-85A0-50F58C122BAF}.Debug|Mixed Platforms.Build.0 = Debug|Any CPU
		{B4C8FA2B-8ECF-4BB2-85A0-50F58C122BAF}.Debug|x86.ActiveCfg = Debug|Any CPU
		{B4C8FA2B-8ECF-4BB2-85A0-50F58C122BAF}.Release|.NET.ActiveCfg = Release|Any CPU
		{B4C8FA2B-8ECF-4BB2-85A0-50F58C122BAF}.Release|Any CPU.ActiveCfg = Release|Any CPU
		{B4C8FA2B-8ECF-4BB2-85A0-50F58C122BAF}.Release|Any CPU.Build.0 = Release|Any CPU
		{B4C8FA2B-8ECF-4BB2-85A0-50F58C122BAF}.Release|Mixed Platforms.ActiveCfg = Release|Any CPU
		{B4C8FA2B-8ECF-4BB2-85A0-50F58C122BAF}.Release|Mixed Platforms.Build.0 = Release|Any CPU
		{B4C8FA2B-8ECF-4BB2-85A0-50F58C122BAF}.Release|x86.ActiveCfg = Release|Any CPU
		{BA0D93DF-9EA3-4643-A18C-E463376AADA7}.Debug|.NET.ActiveCfg = Debug|Any CPU
		{BA0D93DF-9EA3-4643-A18C-E463376AADA7}.Debug|Any CPU.ActiveCfg = Debug|Any CPU
		{BA0D93DF-9EA3-4643-A18C-E463376AADA7}.Debug|Any CPU.Build.0 = Debug|Any CPU
		{BA0D93DF-9EA3-4643-A18C-E463376AADA7}.Debug|Mixed Platforms.ActiveCfg = Debug|Any CPU
		{BA0D93DF-9EA3-4643-A18C-E463376AADA7}.Debug|Mixed Platforms.Build.0 = Debug|Any CPU
		{BA0D93DF-9EA3-4643-A18C-E463376AADA7}.Debug|x86.ActiveCfg = Debug|Any CPU
		{BA0D93DF-9EA3-4643-A18C-E463376AADA7}.Release|.NET.ActiveCfg = Release|Any CPU
		{BA0D93DF-9EA3-4643-A18C-E463376AADA7}.Release|Any CPU.ActiveCfg = Release|Any CPU
		{BA0D93DF-9EA3-4643-A18C-E463376AADA7}.Release|Any CPU.Build.0 = Release|Any CPU
		{BA0D93DF-9EA3-4643-A18C-E463376AADA7}.Release|Mixed Platforms.ActiveCfg = Release|Any CPU
		{BA0D93DF-9EA3-4643-A18C-E463376AADA7}.Release|Mixed Platforms.Build.0 = Release|Any CPU
		{BA0D93DF-9EA3-4643-A18C-E463376AADA7}.Release|x86.ActiveCfg = Release|Any CPU
	EndGlobalSection
	GlobalSection(NestedProjects) = preSolution
	EndGlobalSection
	GlobalSection(MonoDevelopProperties) = preSolution
		StartupItem = Exe.HimeDemo\Exe.HimeDemo.csproj
	EndGlobalSection
	GlobalSection(SubversionScc) = preSolution
		Svn-Managed = True
		Manager = AnkhSVN - Subversion Support for Visual Studio
	EndGlobalSection
	GlobalSection(TestCaseManagementSettings) = postSolution
		CategoryFile = HimeSystems.vsmdi
	EndGlobalSection
	GlobalSection(SolutionProperties) = preSolution
		HideSolutionNode = FALSE
	EndGlobalSection
EndGlobal
